
Microsoft Visual Studio Solution File, Format Version 12.00
# Visual Studio 15
VisualStudioVersion = 15.0.26430.6
MinimumVisualStudioVersion = 10.0.40219.1
Project("{F184B08F-C81C-45F6-A57F-5ABD9991F28F}") = "EE", "EE\EE.vbproj", "{66D4DC2D-E738-450F-8836-684AE527743F}"
EndProject
Project("{F184B08F-C81C-45F6-A57F-5ABD9991F28F}") = "UI", "UI\UI.vbproj", "{F0495A93-A8DB-40F6-8F5D-44B3C9862BAE}"
EndProject
Project("{F184B08F-C81C-45F6-A57F-5ABD9991F28F}") = "DAL", "DAL\DAL.vbproj", "{B65B69A1-739B-4890-A4CC-7DDC57F5747C}"
EndProject
Project("{F184B08F-C81C-45F6-A57F-5ABD9991F28F}") = "MP", "MP\MP.vbproj", "{495C0B5E-420E-4387-B909-A9E6F3BAB771}"
EndProject
Global
	GlobalSection(SolutionConfigurationPlatforms) = preSolution
		Debug|Any CPU = Debug|Any CPU
		Release|Any CPU = Release|Any CPU
	EndGlobalSection
	GlobalSection(ProjectConfigurationPlatforms) = postSolution
		{66D4DC2D-E738-450F-8836-684AE527743F}.Debug|Any CPU.ActiveCfg = Debug|Any CPU
		{66D4DC2D-E738-450F-8836-684AE527743F}.Debug|Any CPU.Build.0 = Debug|Any CPU
		{66D4DC2D-E738-450F-8836-684AE527743F}.Release|Any CPU.ActiveCfg = Release|Any CPU
		{66D4DC2D-E738-450F-8836-684AE527743F}.Release|Any CPU.Build.0 = Release|Any CPU
		{F0495A93-A8DB-40F6-8F5D-44B3C9862BAE}.Debug|Any CPU.ActiveCfg = Debug|Any CPU
		{F0495A93-A8DB-40F6-8F5D-44B3C9862BAE}.Debug|Any CPU.Build.0 = Debug|Any CPU
		{F0495A93-A8DB-40F6-8F5D-44B3C9862BAE}.Release|Any CPU.ActiveCfg = Release|Any CPU
		{F0495A93-A8DB-40F6-8F5D-44B3C9862BAE}.Release|Any CPU.Build.0 = Release|Any CPU
		{B65B69A1-739B-4890-A4CC-7DDC57F5747C}.Debug|Any CPU.ActiveCfg = Debug|Any CPU
		{B65B69A1-739B-4890-A4CC-7DDC57F5747C}.Debug|Any CPU.Build.0 = Debug|Any CPU
		{B65B69A1-739B-4890-A4CC-7DDC57F5747C}.Release|Any CPU.ActiveCfg = Release|Any CPU
		{B65B69A1-739B-4890-A4CC-7DDC57F5747C}.Release|Any CPU.Build.0 = Release|Any CPU
		{495C0B5E-420E-4387-B909-A9E6F3BAB771}.Debug|Any CPU.ActiveCfg = Debug|Any CPU
		{495C0B5E-420E-4387-B909-A9E6F3BAB771}.Debug|Any CPU.Build.0 = Debug|Any CPU
		{495C0B5E-420E-4387-B909-A9E6F3BAB771}.Release|Any CPU.ActiveCfg = Release|Any CPU
		{495C0B5E-420E-4387-B909-A9E6F3BAB771}.Release|Any CPU.Build.0 = Release|Any CPU
	EndGlobalSection
	GlobalSection(SolutionProperties) = preSolution
		HideSolutionNode = FALSE
	EndGlobalSection
EndGlobal
